<?xml version="1.0" encoding="utf-8"?>
<Project ToolsVersion="4.0" xmlns="http://schemas.microsoft.com/developer/msbuild/2003">
  <ItemGroup>
    <Filter Include="Source Files">
      <UniqueIdentifier>{4FC737F1-C7A5-4376-A066-2A32D752A2FF}</UniqueIdentifier>
      <Extensions>cpp;cxx;c;def</Extensions>
    </Filter>
    <Filter Include="Header Files">
      <UniqueIdentifier>{93995380-89BD-4b04-88EB-625FBE52EBFB}</UniqueIdentifier>
      <Extensions>h</Extensions>
    </Filter>
    <Filter Include="Form Files">
      <UniqueIdentifier>{99349809-55BA-4b9d-BF79-8FDBB0286EB3}</UniqueIdentifier>
      <Extensions>ui</Extensions>
    </Filter>
    <Filter Include="Resource Files">
      <UniqueIdentifier>{D9D6E242-F8AF-46E4-B9FD-80ECBC20BA3E}</UniqueIdentifier>
      <Extensions>qrc;*</Extensions>
      <ParseFiles>false</ParseFiles>
    </Filter>
    <Filter Include="Generated Files">
      <UniqueIdentifier>{71ED8ED8-ACB9-4CE9-BBE1-E00B30144E11}</UniqueIdentifier>
      <Extensions>moc;h;cpp</Extensions>
      <SourceControlFiles>False</SourceControlFiles>
    </Filter>
    <Filter Include="Generated Files\Debug">
      <UniqueIdentifier>{f3a5e0d8-1fd7-40b2-867e-a4bde09853b2}</UniqueIdentifier>
      <Extensions>cpp;moc</Extensions>
      <SourceControlFiles>False</SourceControlFiles>
    </Filter>
    <Filter Include="Generated Files\Release">
      <UniqueIdentifier>{4a918303-7b77-4ce9-a9fb-40134c8a7ce7}</UniqueIdentifier>
      <Extensions>cpp;moc</Extensions>
      <SourceControlFiles>False</SourceControlFiles>
    </Filter>
    <Filter Include="Source Files\Main Window">
      <UniqueIdentifier>{01109160-799f-4405-874b-594a1f3f784c}</UniqueIdentifier>
    </Filter>
    <Filter Include="Header Files\Main Window">
      <UniqueIdentifier>{30c9849a-3159-40c5-891f-7b00bca6f8b7}</UniqueIdentifier>
    </Filter>
    <Filter Include="Source Files\__Main">
      <UniqueIdentifier>{e6f1586b-0a51-4e5c-9f66-fb6cc231c2cc}</UniqueIdentifier>
    </Filter>
    <Filter Include="Header Files\FileIO">
      <UniqueIdentifier>{a03b28ac-76fa-4ab1-ab25-aa6c6d4cca22}</UniqueIdentifier>
    </Filter>
    <Filter Include="Source Files\FileIO">
      <UniqueIdentifier>{f760ff8a-bd1a-44ff-8df7-21fcb670c614}</UniqueIdentifier>
    </Filter>
    <Filter Include="Header Files\Main Window\Dock Widgets">
      <UniqueIdentifier>{4eb29a16-eda1-4711-b235-68e64724e19d}</UniqueIdentifier>
    </Filter>
    <Filter Include="Source Files\Main Window\Dock Widgets">
      <UniqueIdentifier>{ce91891e-8783-4379-bdaf-e251614e53a2}</UniqueIdentifier>
    </Filter>
    <Filter Include="Header Files\Data">
      <UniqueIdentifier>{14281129-413a-466f-897e-4b2e80cde713}</UniqueIdentifier>
    </Filter>
    <Filter Include="Header Files\Data\Project">
      <UniqueIdentifier>{a677759e-89cd-480f-9fdc-f3800f4934d9}</UniqueIdentifier>
    </Filter>
    <Filter Include="Header Files\Dialogs">
      <UniqueIdentifier>{28ca7002-c114-4fa0-891a-71228443903a}</UniqueIdentifier>
    </Filter>
    <Filter Include="Source Files\Main Window\Dialogs">
      <UniqueIdentifier>{3761b9ff-0305-4f16-85aa-7dd24df593b6}</UniqueIdentifier>
    </Filter>
    <Filter Include="Header Files\Main Window\Central Widget">
      <UniqueIdentifier>{becba62c-9a43-470a-9066-565072cd7754}</UniqueIdentifier>
    </Filter>
    <Filter Include="Source Files\Data">
      <UniqueIdentifier>{9d516abe-16bf-4acf-b7f7-118d0609c568}</UniqueIdentifier>
    </Filter>
    <Filter Include="Source Files\Data\Project">
      <UniqueIdentifier>{be111fe7-e404-4cc5-8fe3-b25a419b5b46}</UniqueIdentifier>
    </Filter>
    <Filter Include="Header Files\Dialogs\Project">
      <UniqueIdentifier>{c666c474-4484-49ae-aae0-94ae8c96b597}</UniqueIdentifier>
    </Filter>
    <Filter Include="Source Files\Main Window\Menu Bar">
      <UniqueIdentifier>{99ffbf3b-f17e-49e5-a8c8-d4ec1df251c3}</UniqueIdentifier>
    </Filter>
    <Filter Include="Header Files\Main Window\Menu Bar">
      <UniqueIdentifier>{0eedcc92-87ea-4374-a1d9-b89010c46772}</UniqueIdentifier>
    </Filter>
    <Filter Include="Header Files\Main Window\System Tray">
      <UniqueIdentifier>{c7aca6c2-3a92-4560-8eb0-3532743abb5f}</UniqueIdentifier>
    </Filter>
    <Filter Include="Source Files\Main Window\System Tray">
      <UniqueIdentifier>{e743b980-9c7a-48ad-b285-2d519b7bf3e5}</UniqueIdentifier>
    </Filter>
    <Filter Include="Header Files\Data\Entities">
      <UniqueIdentifier>{bde14665-c635-45c9-9054-e2889783fe8c}</UniqueIdentifier>
    </Filter>
    <Filter Include="Header Files\Data\Entities\People">
      <UniqueIdentifier>{e8644142-5c5f-4b4e-a7ea-91eb4e7a7761}</UniqueIdentifier>
    </Filter>
    <Filter Include="Header Files\Data\Entities\Groups">
      <UniqueIdentifier>{ccfb4000-ea27-47e2-b712-4d01563fdf3b}</UniqueIdentifier>
    </Filter>
    <Filter Include="Source Files\Data\Entities">
      <UniqueIdentifier>{2dbc1793-25cf-48bf-9d9f-33e6c75f2649}</UniqueIdentifier>
    </Filter>
    <Filter Include="Source Files\Data\Entities\Groups">
      <UniqueIdentifier>{f10483cf-74fb-4c63-9a17-06693e60594a}</UniqueIdentifier>
    </Filter>
    <Filter Include="Source Files\Data\Entities\People">
      <UniqueIdentifier>{499bd797-dc4b-4e4c-8e72-ecb3ddce4131}</UniqueIdentifier>
    </Filter>
    <Filter Include="Source Files\Data\Relationships">
      <UniqueIdentifier>{825668d5-459f-4258-80e6-af4b904fc19c}</UniqueIdentifier>
    </Filter>
    <Filter Include="Header Files\Data\Relationships">
      <UniqueIdentifier>{2802e262-5819-4483-869f-61715782359d}</UniqueIdentifier>
    </Filter>
    <Filter Include="Source Files\Main Window\Central Views">
      <UniqueIdentifier>{ca36758b-344b-454e-a870-fd7da30f6c7d}</UniqueIdentifier>
    </Filter>
    <Filter Include="Header Files\Main Window\Central Widget\Central Views">
      <UniqueIdentifier>{8278a87a-c950-46ba-8696-3a6936d08146}</UniqueIdentifier>
    </Filter>
    <Filter Include="Source Files\Data\Explorer">
      <UniqueIdentifier>{f72e8e2d-3eb4-4d8e-a82e-8286e0a769f4}</UniqueIdentifier>
    </Filter>
    <Filter Include="Header Files\Data\Explorer">
      <UniqueIdentifier>{8b7970c7-ffd9-4dde-a20e-262e36e13653}</UniqueIdentifier>
    </Filter>
    <Filter Include="Header Files\Data\Explorer\Model &amp; View">
      <UniqueIdentifier>{efec4ea2-bb4d-48f6-929d-97b840665ee4}</UniqueIdentifier>
    </Filter>
    <Filter Include="Header Files\Data\Explorer\Filter">
      <UniqueIdentifier>{448de279-c2bd-453c-919e-052f90b0ba07}</UniqueIdentifier>
    </Filter>
    <Filter Include="Header Files\Data\Explorer\Search">
      <UniqueIdentifier>{2ea04e3c-b4a3-45e1-a2ca-f57901786e76}</UniqueIdentifier>
    </Filter>
    <Filter Include="Source Files\Main Window\Dialogs\Creational">
      <UniqueIdentifier>{7ac03b29-b525-4a6b-8c47-c4f8a15f3219}</UniqueIdentifier>
    </Filter>
    <Filter Include="Header Files\Dialogs\Creational">
      <UniqueIdentifier>{a54d0370-a8a2-4c60-9292-46a94776b62b}</UniqueIdentifier>
    </Filter>
    <Filter Include="Header Files\Data\Entities\Tasks">
      <UniqueIdentifier>{b99fc0ad-9952-4f83-a982-2a2936a3c38a}</UniqueIdentifier>
    </Filter>
  </ItemGroup>
  <ItemGroup>
    <ClCompile Include="main.cpp">
      <Filter>Source Files\__Main</Filter>
    </ClCompile>
    <ClCompile Include="SocialApplication.cpp">
      <Filter>Source Files\Main Window</Filter>
    </ClCompile>
    <ClCompile Include="FileIO.cpp">
      <Filter>Source Files\FileIO</Filter>
    </ClCompile>
    <ClCompile Include="DockWidget_Base.cpp">
      <Filter>Source Files\Main Window\Dock Widgets</Filter>
    </ClCompile>
    <ClCompile Include="ViewWidget_Base.cpp">
      <Filter>Source Files\Main Window\Central Views</Filter>
    </ClCompile>
    <ClCompile Include="ViewWidget_Dashboard.cpp">
      <Filter>Source Files\Main Window\Central Views</Filter>
    </ClCompile>
    <ClCompile Include="ViewWidget_PersonInformation.cpp">
      <Filter>Source Files\Main Window\Central Views</Filter>
    </ClCompile>
    <ClCompile Include="TabManager.cpp">
      <Filter>Source Files\Main Window</Filter>
    </ClCompile>
    <ClCompile Include="ProjectDialog.cpp">
      <Filter>Source Files\Main Window\Dialogs</Filter>
    </ClCompile>
    <ClCompile Include="Person.cpp">
      <Filter>Source Files\Data\Entities\People</Filter>
    </ClCompile>
    <ClCompile Include="ProjectInfo.cpp">
      <Filter>Source Files\Data\Project</Filter>
    </ClCompile>
    <ClCompile Include="Project.cpp">
      <Filter>Source Files\Data\Project</Filter>
    </ClCompile>
    <ClCompile Include="SocialMenuBar.cpp">
      <Filter>Source Files\Main Window\Menu Bar</Filter>
    </ClCompile>
    <ClCompile Include="SocialSystemTray.cpp">
      <Filter>Source Files\Main Window\System Tray</Filter>
    </ClCompile>
    <ClCompile Include="SerialisableObject.cpp">
      <Filter>Source Files\FileIO</Filter>
    </ClCompile>
    <ClCompile Include="PreferencesDialog.cpp">
      <Filter>Source Files\Main Window\Dialogs</Filter>
    </ClCompile>
    <ClCompile Include="ProjectPropertiesWidget.cpp">
      <Filter>Source Files\Main Window</Filter>
    </ClCompile>
    <ClCompile Include="Entity.cpp">
      <Filter>Source Files\Data\Entities</Filter>
    </ClCompile>
    <ClCompile Include="Group.cpp">
      <Filter>Source Files\Data\Entities\Groups</Filter>
    </ClCompile>
    <ClCompile Include="Relationship.cpp">
      <Filter>Source Files\Data\Relationships</Filter>
    </ClCompile>
    <ClCompile Include="IdentifiableObject.cpp">
      <Filter>Source Files\FileIO</Filter>
    </ClCompile>
    <ClCompile Include="DockWidget_Explorer.cpp">
      <Filter>Source Files\Main Window\Dock Widgets</Filter>
    </ClCompile>
    <ClCompile Include="ExplorerModel.cpp">
      <Filter>Source Files\Data\Explorer</Filter>
    </ClCompile>
    <ClCompile Include="ExplorerModelItem.cpp">
      <Filter>Source Files\Data\Explorer</Filter>
    </ClCompile>
    <ClCompile Include="ExplorerView.cpp">
      <Filter>Source Files\Data\Explorer</Filter>
    </ClCompile>
    <ClCompile Include="ExplorerSearchProxyModel.cpp">
      <Filter>Header Files\Data\Explorer\Filter</Filter>
    </ClCompile>
    <ClCompile Include="ExplorerSearchBar.cpp">
      <Filter>Header Files\Data\Explorer\Search</Filter>
    </ClCompile>
    <ClCompile Include="PersonDialog.cpp">
      <Filter>Source Files\Main Window\Dialogs\Creational</Filter>
    </ClCompile>
    <ClCompile Include="CreateEntityDialog.cpp">
      <Filter>Source Files\Main Window\Dialogs\Creational</Filter>
    </ClCompile>
    <ClCompile Include="Task.cpp">
      <Filter>Source Files</Filter>
    </ClCompile>
  </ItemGroup>
  <ItemGroup>
    <QtMoc Include="SocialApplication.h">
      <Filter>Header Files\Main Window</Filter>
    </QtMoc>
    <QtRcc Include="SocialOrganisation.qrc">
      <Filter>Resource Files</Filter>
    </QtRcc>
    <QtMoc Include="DockWidget_Base.h">
      <Filter>Header Files\Main Window\Dock Widgets</Filter>
    </QtMoc>
    <QtMoc Include="Project.h">
      <Filter>Header Files\Data\Project</Filter>
    </QtMoc>
    <QtMoc Include="PreferencesDialog.h">
      <Filter>Header Files\Dialogs</Filter>
    </QtMoc>
    <QtMoc Include="ProjectPropertiesWidget.h">
      <Filter>Header Files\Main Window\Central Widget</Filter>
    </QtMoc>
    <QtMoc Include="ViewWidget_Base.h">
      <Filter>Header Files\Main Window\Central Widget\Central Views</Filter>
    </QtMoc>
    <QtMoc Include="ViewWidget_Dashboard.h">
      <Filter>Header Files\Main Window\Central Widget\Central Views</Filter>
    </QtMoc>
    <QtMoc Include="ViewWidget_PersonInformation.h">
      <Filter>Header Files\Main Window\Central Widget\Central Views</Filter>
    </QtMoc>
    <QtMoc Include="TabManager.h">
      <Filter>Header Files\Main Window</Filter>
    </QtMoc>
    <QtMoc Include="SocialSystemTray.h">
      <Filter>Header Files\Main Window\System Tray</Filter>
    </QtMoc>
    <QtMoc Include="SocialMenuBar.h">
      <Filter>Header Files\Main Window\Menu Bar</Filter>
    </QtMoc>
    <QtMoc Include="ProjectDialog.h">
      <Filter>Header Files\Dialogs\Project</Filter>
    </QtMoc>
    <QtMoc Include="DockWidget_Explorer.h">
      <Filter>Header Files\Main Window\Dock Widgets</Filter>
    </QtMoc>
    <QtMoc Include="ExplorerModel.h">
      <Filter>Header Files\Data\Explorer\Model &amp; View</Filter>
    </QtMoc>
    <QtMoc Include="ExplorerSearchBar.h">
      <Filter>Header Files\Data\Explorer\Search</Filter>
    </QtMoc>
    <QtMoc Include="ExplorerView.h">
      <Filter>Header Files\Data\Explorer\Model &amp; View</Filter>
    </QtMoc>
    <QtMoc Include="PersonDialog.h">
      <Filter>Header Files\Dialogs\Creational</Filter>
    </QtMoc>
  </ItemGroup>
  <ItemGroup>
    <ClInclude Include="FileIO.h">
      <Filter>Header Files\FileIO</Filter>
    </ClInclude>
    <ClInclude Include="ProjectInfo.h">
      <Filter>Header Files\Data\Project</Filter>
    </ClInclude>
    <ClInclude Include="Person.h">
      <Filter>Header Files\Data\Entities\People</Filter>
    </ClInclude>
    <ClInclude Include="SerialisableObject.h">
      <Filter>Header Files\FileIO</Filter>
    </ClInclude>
    <ClInclude Include="Entity.h">
      <Filter>Header Files\Data\Entities</Filter>
    </ClInclude>
    <ClInclude Include="Group.h">
      <Filter>Header Files\Data\Entities\Groups</Filter>
    </ClInclude>
    <ClInclude Include="Relationship.h">
      <Filter>Header Files\Data\Relationships</Filter>
    </ClInclude>
    <ClInclude Include="IdentifiableObject.h">
      <Filter>Header Files\FileIO</Filter>
    </ClInclude>
    <ClInclude Include="ExplorerModelItem.h">
      <Filter>Header Files\Data\Explorer\Model &amp; View</Filter>
    </ClInclude>
    <ClInclude Include="ExplorerSearchProxyModel.h">
      <Filter>Header Files\Data\Explorer\Filter</Filter>
    </ClInclude>
    <ClInclude Include="CreateEntityDialog.h">
      <Filter>Header Files</Filter>
    </ClInclude>
    <ClInclude Include="Task.h">
      <Filter>Header Files\Data\Entities\Tasks</Filter>
    </ClInclude>
  </ItemGroup>
</Project>